
Microsoft Visual Studio Solution File, Format Version 12.00
# Visual Studio Version 17
VisualStudioVersion = 17.9.34714.143
MinimumVisualStudioVersion = 10.0.40219.1
Project("{FAE04EC0-301F-11D3-BF4B-00C04F79EFBC}") = "Game Character System", "Game Character System\Game Character System.csproj", "{A3AE1DCB-3DD8-473C-8F50-77181C6E1B4E}"
EndProject
Global
	GlobalSection(SolutionConfigurationPlatforms) = preSolution
		Debug|Any CPU = Debug|Any CPU
		Release|Any CPU = Release|Any CPU
	EndGlobalSection
	GlobalSection(ProjectConfigurationPlatforms) = postSolution
		{A3AE1DCB-3DD8-473C-8F50-77181C6E1B4E}.Debug|Any CPU.ActiveCfg = Debug|Any CPU
		{A3AE1DCB-3DD8-473C-8F50-77181C6E1B4E}.Debug|Any CPU.Build.0 = Debug|Any CPU
		{A3AE1DCB-3DD8-473C-8F50-77181C6E1B4E}.Release|Any CPU.ActiveCfg = Release|Any CPU
		{A3AE1DCB-3DD8-473C-8F50-77181C6E1B4E}.Release|Any CPU.Build.0 = Release|Any CPU
	EndGlobalSection
	GlobalSection(SolutionProperties) = preSolution
		HideSolutionNode = FALSE
	EndGlobalSection
	GlobalSection(ExtensibilityGlobals) = postSolution
		SolutionGuid = {DE393256-CFB7-49F0-A16C-901C63F73435}
	EndGlobalSection
EndGlobal
